// !$*UTF8*$!
{
	archiveVersion = 1;
	classes = {
	};
	objectVersion = 50;
	objects = {

/* Begin PBXBuildFile section */
		796D2CE1231E39C500370E32 /* Language.m in Sources */ = {isa = PBXBuildFile; fileRef = 796D2CE0231E39C500370E32 /* Language.m */; };
		7988ECF6231D2C2C00B40F0F /* AppDelegate.m in Sources */ = {isa = PBXBuildFile; fileRef = 7988ECF5231D2C2C00B40F0F /* AppDelegate.m */; };
		7988ECF9231D2C2C00B40F0F /* ViewController.m in Sources */ = {isa = PBXBuildFile; fileRef = 7988ECF8231D2C2C00B40F0F /* ViewController.m */; };
		7988ECFE231D2C2D00B40F0F /* Assets.xcassets in Resources */ = {isa = PBXBuildFile; fileRef = 7988ECFD231D2C2D00B40F0F /* Assets.xcassets */; };
		7988ED01231D2C2D00B40F0F /* LaunchScreen.storyboard in Resources */ = {isa = PBXBuildFile; fileRef = 7988ECFF231D2C2D00B40F0F /* LaunchScreen.storyboard */; };
		7988ED04231D2C2D00B40F0F /* main.m in Sources */ = {isa = PBXBuildFile; fileRef = 7988ED03231D2C2D00B40F0F /* main.m */; };
		7988ED0E231D2C2D00B40F0F /* HW2Tests.m in Sources */ = {isa = PBXBuildFile; fileRef = 7988ED0D231D2C2D00B40F0F /* HW2Tests.m */; };
		7988ED19231D2C2D00B40F0F /* HW2UITests.m in Sources */ = {isa = PBXBuildFile; fileRef = 7988ED18231D2C2D00B40F0F /* HW2UITests.m */; };
		7988ED28231D3F4600B40F0F /* Person.m in Sources */ = {isa = PBXBuildFile; fileRef = 7988ED27231D3F4600B40F0F /* Person.m */; };
		7988ED2A231D3F6A00B40F0F /* Lesson.m in Sources */ = {isa = PBXBuildFile; fileRef = 7988ED29231D3F6A00B40F0F /* Lesson.m */; };
/* End PBXBuildFile section */

/* Begin PBXContainerItemProxy section */
		7988ED0A231D2C2D00B40F0F /* PBXContainerItemProxy */ = {
			isa = PBXContainerItemProxy;
			containerPortal = 7988ECE9231D2C2C00B40F0F /* Project object */;
			proxyType = 1;
			remoteGlobalIDString = 7988ECF0231D2C2C00B40F0F;
			remoteInfo = HW2;
		};
		7988ED15231D2C2D00B40F0F /* PBXContainerItemProxy */ = {
			isa = PBXContainerItemProxy;
			containerPortal = 7988ECE9231D2C2C00B40F0F /* Project object */;
			proxyType = 1;
			remoteGlobalIDString = 7988ECF0231D2C2C00B40F0F;
			remoteInfo = HW2;
		};
/* End PBXContainerItemProxy section */

/* Begin PBXFileReference section */
		796D2CDF231D7C1800370E32 /* Language.h */ = {isa = PBXFileReference; lastKnownFileType = sourcecode.c.h; path = Language.h; sourceTree = "<group>"; };
		796D2CE0231E39C500370E32 /* Language.m */ = {isa = PBXFileReference; lastKnownFileType = sourcecode.c.objc; path = Language.m; sourceTree = "<group>"; };
		7988ECF1231D2C2C00B40F0F /* HW2.app */ = {isa = PBXFileReference; explicitFileType = wrapper.application; includeInIndex = 0; path = HW2.app; sourceTree = BUILT_PRODUCTS_DIR; };
		7988ECF4231D2C2C00B40F0F /* AppDelegate.h */ = {isa = PBXFileReference; lastKnownFileType = sourcecode.c.h; path = AppDelegate.h; sourceTree = "<group>"; };
		7988ECF5231D2C2C00B40F0F /* AppDelegate.m */ = {isa = PBXFileReference; lastKnownFileType = sourcecode.c.objc; path = AppDelegate.m; sourceTree = "<group>"; };
		7988ECF7231D2C2C00B40F0F /* ViewController.h */ = {isa = PBXFileReference; lastKnownFileType = sourcecode.c.h; path = ViewController.h; sourceTree = "<group>"; };
		7988ECF8231D2C2C00B40F0F /* ViewController.m */ = {isa = PBXFileReference; lastKnownFileType = sourcecode.c.objc; path = ViewController.m; sourceTree = "<group>"; };
		7988ECFD231D2C2D00B40F0F /* Assets.xcassets */ = {isa = PBXFileReference; lastKnownFileType = folder.assetcatalog; path = Assets.xcassets; sourceTree = "<group>"; };
		7988ED00231D2C2D00B40F0F /* Base */ = {isa = PBXFileReference; lastKnownFileType = file.storyboard; name = Base; path = Base.lproj/LaunchScreen.storyboard; sourceTree = "<group>"; };
		7988ED02231D2C2D00B40F0F /* Info.plist */ = {isa = PBXFileReference; lastKnownFileType = text.plist.xml; path = Info.plist; sourceTree = "<group>"; };
		7988ED03231D2C2D00B40F0F /* main.m */ = {isa = PBXFileReference; lastKnownFileType = sourcecode.c.objc; path = main.m; sourceTree = "<group>"; };
		7988ED09231D2C2D00B40F0F /* HW2Tests.xctest */ = {isa = PBXFileReference; explicitFileType = wrapper.cfbundle; includeInIndex = 0; path = HW2Tests.xctest; sourceTree = BUILT_PRODUCTS_DIR; };
		7988ED0D231D2C2D00B40F0F /* HW2Tests.m */ = {isa = PBXFileReference; lastKnownFileType = sourcecode.c.objc; path = HW2Tests.m; sourceTree = "<group>"; };
		7988ED0F231D2C2D00B40F0F /* Info.plist */ = {isa = PBXFileReference; lastKnownFileType = text.plist.xml; path = Info.plist; sourceTree = "<group>"; };
		7988ED14231D2C2D00B40F0F /* HW2UITests.xctest */ = {isa = PBXFileReference; explicitFileType = wrapper.cfbundle; includeInIndex = 0; path = HW2UITests.xctest; sourceTree = BUILT_PRODUCTS_DIR; };
		7988ED18231D2C2D00B40F0F /* HW2UITests.m */ = {isa = PBXFileReference; lastKnownFileType = sourcecode.c.objc; path = HW2UITests.m; sourceTree = "<group>"; };
		7988ED1A231D2C2D00B40F0F /* Info.plist */ = {isa = PBXFileReference; lastKnownFileType = text.plist.xml; path = Info.plist; sourceTree = "<group>"; };
		7988ED26231D3F2900B40F0F /* Person.h */ = {isa = PBXFileReference; lastKnownFileType = sourcecode.c.h; path = Person.h; sourceTree = "<group>"; };
		7988ED27231D3F4600B40F0F /* Person.m */ = {isa = PBXFileReference; lastKnownFileType = sourcecode.c.objc; path = Person.m; sourceTree = "<group>"; };
		7988ED29231D3F6A00B40F0F /* Lesson.m */ = {isa = PBXFileReference; lastKnownFileType = sourcecode.c.objc; path = Lesson.m; sourceTree = "<group>"; };
		7988ED2B231D3F7400B40F0F /* Lesson.h */ = {isa = PBXFileReference; lastKnownFileType = sourcecode.c.h; path = Lesson.h; sourceTree = "<group>"; };
/* End PBXFileReference section */

/* Begin PBXFrameworksBuildPhase section */
		7988ECEE231D2C2C00B40F0F /* Frameworks */ = {
			isa = PBXFrameworksBuildPhase;
			buildActionMask = 2147483647;
			files = (
			);
			runOnlyForDeploymentPostprocessing = 0;
		};
		7988ED06231D2C2D00B40F0F /* Frameworks */ = {
			isa = PBXFrameworksBuildPhase;
			buildActionMask = 2147483647;
			files = (
			);
			runOnlyForDeploymentPostprocessing = 0;
		};
		7988ED11231D2C2D00B40F0F /* Frameworks */ = {
			isa = PBXFrameworksBuildPhase;
			buildActionMask = 2147483647;
			files = (
			);
			runOnlyForDeploymentPostprocessing = 0;
		};
/* End PBXFrameworksBuildPhase section */

/* Begin PBXGroup section */
		7988ECE8231D2C2C00B40F0F = {
			isa = PBXGroup;
			children = (
				7988ECF3231D2C2C00B40F0F /* HW2 */,
				7988ED0C231D2C2D00B40F0F /* HW2Tests */,
				7988ED17231D2C2D00B40F0F /* HW2UITests */,
				7988ECF2231D2C2C00B40F0F /* Products */,
			);
			sourceTree = "<group>";
		};
		7988ECF2231D2C2C00B40F0F /* Products */ = {
			isa = PBXGroup;
			children = (
				7988ECF1231D2C2C00B40F0F /* HW2.app */,
				7988ED09231D2C2D00B40F0F /* HW2Tests.xctest */,
				7988ED14231D2C2D00B40F0F /* HW2UITests.xctest */,
			);
			name = Products;
			sourceTree = "<group>";
		};
		7988ECF3231D2C2C00B40F0F /* HW2 */ = {
			isa = PBXGroup;
			children = (
				7988ECF4231D2C2C00B40F0F /* AppDelegate.h */,
				7988ECF5231D2C2C00B40F0F /* AppDelegate.m */,
				7988ECF7231D2C2C00B40F0F /* ViewController.h */,
				7988ECF8231D2C2C00B40F0F /* ViewController.m */,
				7988ED2B231D3F7400B40F0F /* Lesson.h */,
				7988ED29231D3F6A00B40F0F /* Lesson.m */,
				796D2CDF231D7C1800370E32 /* Language.h */,
				796D2CE0231E39C500370E32 /* Language.m */,
				7988ED26231D3F2900B40F0F /* Person.h */,
				7988ED27231D3F4600B40F0F /* Person.m */,
				7988ECFD231D2C2D00B40F0F /* Assets.xcassets */,
				7988ECFF231D2C2D00B40F0F /* LaunchScreen.storyboard */,
				7988ED02231D2C2D00B40F0F /* Info.plist */,
				7988ED03231D2C2D00B40F0F /* main.m */,
			);
			path = HW2;
			sourceTree = "<group>";
		};
		7988ED0C231D2C2D00B40F0F /* HW2Tests */ = {
			isa = PBXGroup;
			children = (
				7988ED0D231D2C2D00B40F0F /* HW2Tests.m */,
				7988ED0F231D2C2D00B40F0F /* Info.plist */,
			);
			path = HW2Tests;
			sourceTree = "<group>";
		};
		7988ED17231D2C2D00B40F0F /* HW2UITests */ = {
			isa = PBXGroup;
			children = (
				7988ED18231D2C2D00B40F0F /* HW2UITests.m */,
				7988ED1A231D2C2D00B40F0F /* Info.plist */,
			);
			path = HW2UITests;
			sourceTree = "<group>";
		};
/* End PBXGroup section */

/* Begin PBXNativeTarget section */
		7988ECF0231D2C2C00B40F0F /* HW2 */ = {
			isa = PBXNativeTarget;
			buildConfigurationList = 7988ED1D231D2C2D00B40F0F /* Build configuration list for PBXNativeTarget "HW2" */;
			buildPhases = (
				7988ECED231D2C2C00B40F0F /* Sources */,
				7988ECEE231D2C2C00B40F0F /* Frameworks */,
				7988ECEF231D2C2C00B40F0F /* Resources */,
			);
			buildRules = (
			);
			dependencies = (
			);
			name = HW2;
			productName = HW2;
			productReference = 7988ECF1231D2C2C00B40F0F /* HW2.app */;
			productType = "com.apple.product-type.application";
		};
		7988ED08231D2C2D00B40F0F /* HW2Tests */ = {
			isa = PBXNativeTarget;
			buildConfigurationList = 7988ED20231D2C2D00B40F0F /* Build configuration list for PBXNativeTarget "HW2Tests" */;
			buildPhases = (
				7988ED05231D2C2D00B40F0F /* Sources */,
				7988ED06231D2C2D00B40F0F /* Frameworks */,
				7988ED07231D2C2D00B40F0F /* Resources */,
			);
			buildRules = (
			);
			dependencies = (
				7988ED0B231D2C2D00B40F0F /* PBXTargetDependency */,
			);
			name = HW2Tests;
			productName = HW2Tests;
			productReference = 7988ED09231D2C2D00B40F0F /* HW2Tests.xctest */;
			productType = "com.apple.product-type.bundle.unit-test";
		};
		7988ED13231D2C2D00B40F0F /* HW2UITests */ = {
			isa = PBXNativeTarget;
			buildConfigurationList = 7988ED23231D2C2D00B40F0F /* Build configuration list for PBXNativeTarget "HW2UITests" */;
			buildPhases = (
				7988ED10231D2C2D00B40F0F /* Sources */,
				7988ED11231D2C2D00B40F0F /* Frameworks */,
				7988ED12231D2C2D00B40F0F /* Resources */,
			);
			buildRules = (
			);
			dependencies = (
				7988ED16231D2C2D00B40F0F /* PBXTargetDependency */,
			);
			name = HW2UITests;
			productName = HW2UITests;
			productReference = 7988ED14231D2C2D00B40F0F /* HW2UITests.xctest */;
			productType = "com.apple.product-type.bundle.ui-testing";
		};
/* End PBXNativeTarget section */

/* Begin PBXProject section */
		7988ECE9231D2C2C00B40F0F /* Project object */ = {
			isa = PBXProject;
			attributes = {
				LastUpgradeCheck = 1010;
				ORGANIZATIONNAME = GZX;
				TargetAttributes = {
					7988ECF0231D2C2C00B40F0F = {
						CreatedOnToolsVersion = 10.1;
					};
					7988ED08231D2C2D00B40F0F = {
						CreatedOnToolsVersion = 10.1;
						TestTargetID = 7988ECF0231D2C2C00B40F0F;
					};
					7988ED13231D2C2D00B40F0F = {
						CreatedOnToolsVersion = 10.1;
						TestTargetID = 7988ECF0231D2C2C00B40F0F;
					};
				};
			};
			buildConfigurationList = 7988ECEC231D2C2C00B40F0F /* Build configuration list for PBXProject "HW2" */;
			compatibilityVersion = "Xcode 9.3";
			developmentRegion = en;
			hasScannedForEncodings = 0;
			knownRegions = (
				en,
				Base,
			);
			mainGroup = 7988ECE8231D2C2C00B40F0F;
			productRefGroup = 7988ECF2231D2C2C00B40F0F /* Products */;
			projectDirPath = "";
			projectRoot = "";
			targets = (
				7988ECF0231D2C2C00B40F0F /* HW2 */,
				7988ED08231D2C2D00B40F0F /* HW2Tests */,
				7988ED13231D2C2D00B40F0F /* HW2UITests */,
			);
		};
/* End PBXProject section */

/* Begin PBXResourcesBuildPhase section */
		7988ECEF231D2C2C00B40F0F /* Resources */ = {
			isa = PBXResourcesBuildPhase;
			buildActionMask = 2147483647;
			files = (
				7988ED01231D2C2D00B40F0F /* LaunchScreen.storyboard in Resources */,
				7988ECFE231D2C2D00B40F0F /* Assets.xcassets in Resources */,
			);
			runOnlyForDeploymentPostprocessing = 0;
		};
		7988ED07231D2C2D00B40F0F /* Resources */ = {
			isa = PBXResourcesBuildPhase;
			buildActionMask = 2147483647;
			files = (
			);
			runOnlyForDeploymentPostprocessing = 0;
		};
		7988ED12231D2C2D00B40F0F /* Resources */ = {
			isa = PBXResourcesBuildPhase;
			buildActionMask = 2147483647;
			files = (
			);
			runOnlyForDeploymentPostprocessing = 0;
		};
/* End PBXResourcesBuildPhase section */

/* Begin PBXSourcesBuildPhase section */
		7988ECED231D2C2C00B40F0F /* Sources */ = {
			isa = PBXSourcesBuildPhase;
			buildActionMask = 2147483647;
			files = (
				7988ECF9231D2C2C00B40F0F /* ViewController.m in Sources */,
				7988ED04231D2C2D00B40F0F /* main.m in Sources */,
				7988ED2A231D3F6A00B40F0F /* Lesson.m in Sources */,
				796D2CE1231E39C500370E32 /* Language.m in Sources */,
				7988ED28231D3F4600B40F0F /* Person.m in Sources */,
				7988ECF6231D2C2C00B40F0F /* AppDelegate.m in Sources */,
			);
			runOnlyForDeploymentPostprocessing = 0;
		};
		7988ED05231D2C2D00B40F0F /* Sources */ = {
			isa = PBXSourcesBuildPhase;
			buildActionMask = 2147483647;
			files = (
				7988ED0E231D2C2D00B40F0F /* HW2Tests.m in Sources */,
			);
			runOnlyForDeploymentPostprocessing = 0;
		};
		7988ED10231D2C2D00B40F0F /* Sources */ = {
			isa = PBXSourcesBuildPhase;
			buildActionMask = 2147483647;
			files = (
				7988ED19231D2C2D00B40F0F /* HW2UITests.m in Sources */,
			);
			runOnlyForDeploymentPostprocessing = 0;
		};
/* End PBXSourcesBuildPhase section */

/* Begin PBXTargetDependency section */
		7988ED0B231D2C2D00B40F0F /* PBXTargetDependency */ = {
			isa = PBXTargetDependency;
			target = 7988ECF0231D2C2C00B40F0F /* HW2 */;
			targetProxy = 7988ED0A231D2C2D00B40F0F /* PBXContainerItemProxy */;
		};
		7988ED16231D2C2D00B40F0F /* PBXTargetDependency */ = {
			isa = PBXTargetDependency;
			target = 7988ECF0231D2C2C00B40F0F /* HW2 */;
			targetProxy = 7988ED15231D2C2D00B40F0F /* PBXContainerItemProxy */;
		};
/* End PBXTargetDependency section */

/* Begin PBXVariantGroup section */
		7988ECFF231D2C2D00B40F0F /* LaunchScreen.storyboard */ = {
			isa = PBXVariantGroup;
			children = (
				7988ED00231D2C2D00B40F0F /* Base */,
			);
			name = LaunchScreen.storyboard;
			sourceTree = "<group>";
		};
/* End PBXVariantGroup section */

/* Begin XCBuildConfiguration section */
		7988ED1B231D2C2D00B40F0F /* Debug */ = {
			isa = XCBuildConfiguration;
			buildSettings = {
				ALWAYS_SEARCH_USER_PATHS = NO;
				CLANG_ANALYZER_NONNULL = YES;
				CLANG_ANALYZER_NUMBER_OBJECT_CONVERSION = YES_AGGRESSIVE;
				CLANG_CXX_LANGUAGE_STANDARD = "gnu++14";
				CLANG_CXX_LIBRARY = "libc++";
				CLANG_ENABLE_MODULES = YES;
				CLANG_ENABLE_OBJC_ARC = YES;
				CLANG_ENABLE_OBJC_WEAK = YES;
				CLANG_WARN_BLOCK_CAPTURE_AUTORELEASING = YES;
				CLANG_WARN_BOOL_CONVERSION = YES;
				CLANG_WARN_COMMA = YES;
				CLANG_WARN_CONSTANT_CONVERSION = YES;
				CLANG_WARN_DEPRECATED_OBJC_IMPLEMENTATIONS = YES;
				CLANG_WARN_DIRECT_OBJC_ISA_USAGE = YES_ERROR;
				CLANG_WARN_DOCUMENTATION_COMMENTS = YES;
				CLANG_WARN_EMPTY_BODY = YES;
				CLANG_WARN_ENUM_CONVERSION = YES;
				CLANG_WARN_INFINITE_RECURSION = YES;
				CLANG_WARN_INT_CONVERSION = YES;
				CLANG_WARN_NON_LITERAL_NULL_CONVERSION = YES;
				CLANG_WARN_OBJC_IMPLICIT_RETAIN_SELF = YES;
				CLANG_WARN_OBJC_LITERAL_CONVERSION = YES;
				CLANG_WARN_OBJC_ROOT_CLASS = YES_ERROR;
				CLANG_WARN_RANGE_LOOP_ANALYSIS = YES;
				CLANG_WARN_STRICT_PROTOTYPES = YES;
				CLANG_WARN_SUSPICIOUS_MOVE = YES;
				CLANG_WARN_UNGUARDED_AVAILABILITY = YES_AGGRESSIVE;
				CLANG_WARN_UNREACHABLE_CODE = YES;
				CLANG_WARN__DUPLICATE_METHOD_MATCH = YES;
				CODE_SIGN_IDENTITY = "iPhone Developer";
				COPY_PHASE_STRIP = NO;
				DEBUG_INFORMATION_FORMAT = dwarf;
				ENABLE_STRICT_OBJC_MSGSEND = YES;
				ENABLE_TESTABILITY = YES;
				GCC_C_LANGUAGE_STANDARD = gnu11;
				GCC_DYNAMIC_NO_PIC = NO;
				GCC_NO_COMMON_BLOCKS = YES;
				GCC_OPTIMIZATION_LEVEL = 0;
				GCC_PREPROCESSOR_DEFINITIONS = (
					"DEBUG=1",
					"$(inherited)",
				);
				GCC_WARN_64_TO_32_BIT_CONVERSION = YES;
				GCC_WARN_ABOUT_RETURN_TYPE = YES_ERROR;
				GCC_WARN_UNDECLARED_SELECTOR = YES;
				GCC_WARN_UNINITIALIZED_AUTOS = YES_AGGRESSIVE;
				GCC_WARN_UNUSED_FUNCTION = YES;
				GCC_WARN_UNUSED_VARIABLE = YES;
				IPHONEOS_DEPLOYMENT_TARGET = 12.1;
				MTL_ENABLE_DEBUG_INFO = INCLUDE_SOURCE;
				MTL_FAST_MATH = YES;
				ONLY_ACTIVE_ARCH = YES;
				SDKROOT = iphoneos;
			};
			name = Debug;
		};
		7988ED1C231D2C2D00B40F0F /* Release */ = {
			isa = XCBuildConfiguration;
			buildSettings = {
				ALWAYS_SEARCH_USER_PATHS = NO;
				CLANG_ANALYZER_NONNULL = YES;
				CLANG_ANALYZER_NUMBER_OBJECT_CONVERSION = YES_AGGRESSIVE;
				CLANG_CXX_LANGUAGE_STANDARD = "gnu++14";
				CLANG_CXX_LIBRARY = "libc++";
				CLANG_ENABLE_MODULES = YES;
				CLANG_ENABLE_OBJC_ARC = YES;
				CLANG_ENABLE_OBJC_WEAK = YES;
				CLANG_WARN_BLOCK_CAPTURE_AUTORELEASING = YES;
				CLANG_WARN_BOOL_CONVERSION = YES;
				CLANG_WARN_COMMA = YES;
				CLANG_WARN_CONSTANT_CONVERSION = YES;
				CLANG_WARN_DEPRECATED_OBJC_IMPLEMENTATIONS = YES;
				CLANG_WARN_DIRECT_OBJC_ISA_USAGE = YES_ERROR;
				CLANG_WARN_DOCUMENTATION_COMMENTS = YES;
				CLANG_WARN_EMPTY_BODY = YES;
				CLANG_WARN_ENUM_CONVERSION = YES;
				CLANG_WARN_INFINITE_RECURSION = YES;
				CLANG_WARN_INT_CONVERSION = YES;
				CLANG_WARN_NON_LITERAL_NULL_CONVERSION = YES;
				CLANG_WARN_OBJC_IMPLICIT_RETAIN_SELF = YES;
				CLANG_WARN_OBJC_LITERAL_CONVERSION = YES;
				CLANG_WARN_OBJC_ROOT_CLASS = YES_ERROR;
				CLANG_WARN_RANGE_LOOP_ANALYSIS = YES;
				CLANG_WARN_STRICT_PROTOTYPES = YES;
				CLANG_WARN_SUSPICIOUS_MOVE = YES;
				CLANG_WARN_UNGUARDED_AVAILABILITY = YES_AGGRESSIVE;
				CLANG_WARN_UNREACHABLE_CODE = YES;
				CLANG_WARN__DUPLICATE_METHOD_MATCH = YES;
				CODE_SIGN_IDENTITY = "iPhone Developer";
				COPY_PHASE_STRIP = NO;
				DEBUG_INFORMATION_FORMAT = "dwarf-with-dsym";
				ENABLE_NS_ASSERTIONS = NO;
				ENABLE_STRICT_OBJC_MSGSEND = YES;
				GCC_C_LANGUAGE_STANDARD = gnu11;
				GCC_NO_COMMON_BLOCKS = YES;
				GCC_WARN_64_TO_32_BIT_CONVERSION = YES;
				GCC_WARN_ABOUT_RETURN_TYPE = YES_ERROR;
				GCC_WARN_UNDECLARED_SELECTOR = YES;
				GCC_WARN_UNINITIALIZED_AUTOS = YES_AGGRESSIVE;
				GCC_WARN_UNUSED_FUNCTION = YES;
				GCC_WARN_UNUSED_VARIABLE = YES;
				IPHONEOS_DEPLOYMENT_TARGET = 12.1;
				MTL_ENABLE_DEBUG_INFO = NO;
				MTL_FAST_MATH = YES;
				SDKROOT = iphoneos;
				VALIDATE_PRODUCT = YES;
			};
			name = Release;
		};
		7988ED1E231D2C2D00B40F0F /* Debug */ = {
			isa = XCBuildConfiguration;
			buildSettings = {
				ASSETCATALOG_COMPILER_APPICON_NAME = AppIcon;
				CODE_SIGN_STYLE = Automatic;
				INFOPLIST_FILE = HW2/Info.plist;
				LD_RUNPATH_SEARCH_PATHS = (
					"$(inherited)",
					"@executable_path/Frameworks",
				);
				PRODUCT_BUNDLE_IDENTIFIER = Octopus.HW2;
				PRODUCT_NAME = "$(TARGET_NAME)";
				TARGETED_DEVICE_FAMILY = "1,2";
			};
			name = Debug;
		};
		7988ED1F231D2C2D00B40F0F /* Release */ = {
			isa = XCBuildConfiguration;
			buildSettings = {
				ASSETCATALOG_COMPILER_APPICON_NAME = AppIcon;
				CODE_SIGN_STYLE = Automatic;
				INFOPLIST_FILE = HW2/Info.plist;
				LD_RUNPATH_SEARCH_PATHS = (
					"$(inherited)",
					"@executable_path/Frameworks",
				);
				PRODUCT_BUNDLE_IDENTIFIER = Octopus.HW2;
				PRODUCT_NAME = "$(TARGET_NAME)";
				TARGETED_DEVICE_FAMILY = "1,2";
			};
			name = Release;
		};
		7988ED21231D2C2D00B40F0F /* Debug */ = {
			isa = XCBuildConfiguration;
			buildSettings = {
				BUNDLE_LOADER = "$(TEST_HOST)";
				CODE_SIGN_STYLE = Automatic;
				INFOPLIST_FILE = HW2Tests/Info.plist;
				LD_RUNPATH_SEARCH_PATHS = (
					"$(inherited)",
					"@executable_path/Frameworks",
					"@loader_path/Frameworks",
				);
				PRODUCT_BUNDLE_IDENTIFIER = Octopus.HW2Tests;
				PRODUCT_NAME = "$(TARGET_NAME)";
				TARGETED_DEVICE_FAMILY = "1,2";
				TEST_HOST = "$(BUILT_PRODUCTS_DIR)/HW2.app/HW2";
			};
			name = Debug;
		};
		7988ED22231D2C2D00B40F0F /* Release */ = {
			isa = XCBuildConfiguration;
			buildSettings = {
				BUNDLE_LOADER = "$(TEST_HOST)";
				CODE_SIGN_STYLE = Automatic;
				INFOPLIST_FILE = HW2Tests/Info.plist;
				LD_RUNPATH_SEARCH_PATHS = (
					"$(inherited)",
					"@executable_path/Frameworks",
					"@loader_path/Frameworks",
				);
				PRODUCT_BUNDLE_IDENTIFIER = Octopus.HW2Tests;
				PRODUCT_NAME = "$(TARGET_NAME)";
				TARGETED_DEVICE_FAMILY = "1,2";
				TEST_HOST = "$(BUILT_PRODUCTS_DIR)/HW2.app/HW2";
			};
			name = Release;
		};
		7988ED24231D2C2D00B40F0F /* Debug */ = {
			isa = XCBuildConfiguration;
			buildSettings = {
				CODE_SIGN_STYLE = Automatic;
				INFOPLIST_FILE = HW2UITests/Info.plist;
				LD_RUNPATH_SEARCH_PATHS = (
					"$(inherited)",
					"@executable_path/Frameworks",
					"@loader_path/Frameworks",
				);
				PRODUCT_BUNDLE_IDENTIFIER = Octopus.HW2UITests;
				PRODUCT_NAME = "$(TARGET_NAME)";
				TARGETED_DEVICE_FAMILY = "1,2";
				TEST_TARGET_NAME = HW2;
			};
			name = Debug;
		};
		7988ED25231D2C2D00B40F0F /* Release */ = {
			isa = XCBuildConfiguration;
			buildSettings = {
				CODE_SIGN_STYLE = Automatic;
				INFOPLIST_FILE = HW2UITests/Info.plist;
				LD_RUNPATH_SEARCH_PATHS = (
					"$(inherited)",
					"@executable_path/Frameworks",
					"@loader_path/Frameworks",
				);
				PRODUCT_BUNDLE_IDENTIFIER = Octopus.HW2UITests;
				PRODUCT_NAME = "$(TARGET_NAME)";
				TARGETED_DEVICE_FAMILY = "1,2";
				TEST_TARGET_NAME = HW2;
			};
			name = Release;
		};
/* End XCBuildConfiguration section */

/* Begin XCConfigurationList section */
		7988ECEC231D2C2C00B40F0F /* Build configuration list for PBXProject "HW2" */ = {
			isa = XCConfigurationList;
			buildConfigurations = (
				7988ED1B231D2C2D00B40F0F /* Debug */,
				7988ED1C231D2C2D00B40F0F /* Release */,
			);
			defaultConfigurationIsVisible = 0;
			defaultConfigurationName = Release;
		};
		7988ED1D231D2C2D00B40F0F /* Build configuration list for PBXNativeTarget "HW2" */ = {
			isa = XCConfigurationList;
			buildConfigurations = (
				7988ED1E231D2C2D00B40F0F /* Debug */,
				7988ED1F231D2C2D00B40F0F /* Release */,
			);
			defaultConfigurationIsVisible = 0;
			defaultConfigurationName = Release;
		};
		7988ED20231D2C2D00B40F0F /* Build configuration list for PBXNativeTarget "HW2Tests" */ = {
			isa = XCConfigurationList;
			buildConfigurations = (
				7988ED21231D2C2D00B40F0F /* Debug */,
				7988ED22231D2C2D00B40F0F /* Release */,
			);
			defaultConfigurationIsVisible = 0;
			defaultConfigurationName = Release;
		};
		7988ED23231D2C2D00B40F0F /* Build configuration list for PBXNativeTarget "HW2UITests" */ = {
			isa = XCConfigurationList;
			buildConfigurations = (
				7988ED24231D2C2D00B40F0F /* Debug */,
				7988ED25231D2C2D00B40F0F /* Release */,
			);
			defaultConfigurationIsVisible = 0;
			defaultConfigurationName = Release;
		};
/* End XCConfigurationList section */
	};
	rootObject = 7988ECE9231D2C2C00B40F0F /* Project object */;
}
